
Microsoft Visual Studio Solution File, Format Version 12.00
# Visual Studio Version 17
VisualStudioVersion = 17.5.002.0
MinimumVisualStudioVersion = 10.0.40219.1
Project("{9A19103F-16F7-4668-BE54-9A1E7A4F7556}") = "HelloWorld", "HelloWorld\HelloWorld.csproj", "{F6461DB0-CBDE-48BC-BFF8-60D3C1EEC48A}"
EndProject
Project("{2150E333-8FDC-42A3-9474-1A3956D46DE8}") = "Kapitel-1", "Kapitel-1", "{0654E963-60F0-4692-9948-C07178D9D937}"
EndProject
Project("{9A19103F-16F7-4668-BE54-9A1E7A4F7556}") = "Lucktext", "Kapitel-1\Lucktext\Lucktext.csproj", "{58656066-11CD-4615-9AFC-2E2FEC480261}"
EndProject
Project("{9A19103F-16F7-4668-BE54-9A1E7A4F7556}") = "Registrering", "Kapitel-1\Registrering\Registrering.csproj", "{70F4869F-B602-4D5A-AD3E-5A3B7CBD7C22}"
EndProject
Project("{2150E333-8FDC-42A3-9474-1A3956D46DE8}") = "Kapitel-3", "Kapitel-3", "{E8070060-0999-4B02-B135-239C7DD00427}"
EndProject
Project("{9A19103F-16F7-4668-BE54-9A1E7A4F7556}") = "EngChart", "Kapitel-3\EngChart\EngChart.csproj", "{E32183A2-42BE-4343-A0F1-EE0768BEAA74}"
EndProject
Global
	GlobalSection(SolutionConfigurationPlatforms) = preSolution
		Debug|Any CPU = Debug|Any CPU
		Release|Any CPU = Release|Any CPU
	EndGlobalSection
	GlobalSection(ProjectConfigurationPlatforms) = postSolution
		{F6461DB0-CBDE-48BC-BFF8-60D3C1EEC48A}.Debug|Any CPU.ActiveCfg = Debug|Any CPU
		{F6461DB0-CBDE-48BC-BFF8-60D3C1EEC48A}.Debug|Any CPU.Build.0 = Debug|Any CPU
		{F6461DB0-CBDE-48BC-BFF8-60D3C1EEC48A}.Release|Any CPU.ActiveCfg = Release|Any CPU
		{F6461DB0-CBDE-48BC-BFF8-60D3C1EEC48A}.Release|Any CPU.Build.0 = Release|Any CPU
		{58656066-11CD-4615-9AFC-2E2FEC480261}.Debug|Any CPU.ActiveCfg = Debug|Any CPU
		{58656066-11CD-4615-9AFC-2E2FEC480261}.Debug|Any CPU.Build.0 = Debug|Any CPU
		{58656066-11CD-4615-9AFC-2E2FEC480261}.Release|Any CPU.ActiveCfg = Release|Any CPU
		{58656066-11CD-4615-9AFC-2E2FEC480261}.Release|Any CPU.Build.0 = Release|Any CPU
		{70F4869F-B602-4D5A-AD3E-5A3B7CBD7C22}.Debug|Any CPU.ActiveCfg = Debug|Any CPU
		{70F4869F-B602-4D5A-AD3E-5A3B7CBD7C22}.Debug|Any CPU.Build.0 = Debug|Any CPU
		{70F4869F-B602-4D5A-AD3E-5A3B7CBD7C22}.Release|Any CPU.ActiveCfg = Release|Any CPU
		{70F4869F-B602-4D5A-AD3E-5A3B7CBD7C22}.Release|Any CPU.Build.0 = Release|Any CPU
		{E32183A2-42BE-4343-A0F1-EE0768BEAA74}.Debug|Any CPU.ActiveCfg = Debug|Any CPU
		{E32183A2-42BE-4343-A0F1-EE0768BEAA74}.Debug|Any CPU.Build.0 = Debug|Any CPU
		{E32183A2-42BE-4343-A0F1-EE0768BEAA74}.Release|Any CPU.ActiveCfg = Release|Any CPU
		{E32183A2-42BE-4343-A0F1-EE0768BEAA74}.Release|Any CPU.Build.0 = Release|Any CPU
	EndGlobalSection
	GlobalSection(SolutionProperties) = preSolution
		HideSolutionNode = FALSE
	EndGlobalSection
	GlobalSection(NestedProjects) = preSolution
		{58656066-11CD-4615-9AFC-2E2FEC480261} = {0654E963-60F0-4692-9948-C07178D9D937}
		{70F4869F-B602-4D5A-AD3E-5A3B7CBD7C22} = {0654E963-60F0-4692-9948-C07178D9D937}
		{E32183A2-42BE-4343-A0F1-EE0768BEAA74} = {E8070060-0999-4B02-B135-239C7DD00427}
	EndGlobalSection
	GlobalSection(ExtensibilityGlobals) = postSolution
		SolutionGuid = {90F60337-53E8-49B9-9142-2A1BC60EAF60}
	EndGlobalSection
EndGlobal
