
Microsoft Visual Studio Solution File, Format Version 12.00
# Visual Studio Version 17
VisualStudioVersion = 17.5.002.0
MinimumVisualStudioVersion = 10.0.40219.1
Project("{9A19103F-16F7-4668-BE54-9A1E7A4F7556}") = "HelloWorld", "HelloWorld\HelloWorld.csproj", "{54BBFE8E-5B2C-4AA8-9445-D62490E2CE65}"
EndProject
Project("{2150E333-8FDC-42A3-9474-1A3956D46DE8}") = "Kapitel-1", "Kapitel-1", "{3F7619C5-7882-4789-AB6D-261FFB976E4B}"
EndProject
Project("{9A19103F-16F7-4668-BE54-9A1E7A4F7556}") = "Lucktext", "Kapitel-1\Lucktext\Lucktext.csproj", "{9FA93145-70EA-41CE-9564-D41D24F0100C}"
EndProject
Project("{9A19103F-16F7-4668-BE54-9A1E7A4F7556}") = "Registrering", "Kapitel-1\Registrering\Registrering.csproj", "{D9C37BDF-50AE-4673-BBDA-3720C0164325}"
EndProject
Project("{2150E333-8FDC-42A3-9474-1A3956D46DE8}") = "Kapitel-3", "Kapitel-3", "{832AEEB3-7483-4799-A795-FD511E460C63}"
EndProject
Project("{9A19103F-16F7-4668-BE54-9A1E7A4F7556}") = "EngChart", "Kapitel-3\EngChart\EngChart.csproj", "{6BC9F644-9DD8-4ABA-847E-16D2FE86B128}"
EndProject
Project("{9A19103F-16F7-4668-BE54-9A1E7A4F7556}") = "InteraktivBerättelse", "Kapitel-3\InteraktivBerättelse\InteraktivBerättelse.csproj", "{833FF338-B692-456F-96B9-F065B534C445}"
EndProject
Global
	GlobalSection(SolutionConfigurationPlatforms) = preSolution
		Debug|Any CPU = Debug|Any CPU
		Release|Any CPU = Release|Any CPU
	EndGlobalSection
	GlobalSection(ProjectConfigurationPlatforms) = postSolution
		{54BBFE8E-5B2C-4AA8-9445-D62490E2CE65}.Debug|Any CPU.ActiveCfg = Debug|Any CPU
		{54BBFE8E-5B2C-4AA8-9445-D62490E2CE65}.Debug|Any CPU.Build.0 = Debug|Any CPU
		{54BBFE8E-5B2C-4AA8-9445-D62490E2CE65}.Release|Any CPU.ActiveCfg = Release|Any CPU
		{54BBFE8E-5B2C-4AA8-9445-D62490E2CE65}.Release|Any CPU.Build.0 = Release|Any CPU
		{9FA93145-70EA-41CE-9564-D41D24F0100C}.Debug|Any CPU.ActiveCfg = Debug|Any CPU
		{9FA93145-70EA-41CE-9564-D41D24F0100C}.Debug|Any CPU.Build.0 = Debug|Any CPU
		{9FA93145-70EA-41CE-9564-D41D24F0100C}.Release|Any CPU.ActiveCfg = Release|Any CPU
		{9FA93145-70EA-41CE-9564-D41D24F0100C}.Release|Any CPU.Build.0 = Release|Any CPU
		{D9C37BDF-50AE-4673-BBDA-3720C0164325}.Debug|Any CPU.ActiveCfg = Debug|Any CPU
		{D9C37BDF-50AE-4673-BBDA-3720C0164325}.Debug|Any CPU.Build.0 = Debug|Any CPU
		{D9C37BDF-50AE-4673-BBDA-3720C0164325}.Release|Any CPU.ActiveCfg = Release|Any CPU
		{D9C37BDF-50AE-4673-BBDA-3720C0164325}.Release|Any CPU.Build.0 = Release|Any CPU
		{6BC9F644-9DD8-4ABA-847E-16D2FE86B128}.Debug|Any CPU.ActiveCfg = Debug|Any CPU
		{6BC9F644-9DD8-4ABA-847E-16D2FE86B128}.Debug|Any CPU.Build.0 = Debug|Any CPU
		{6BC9F644-9DD8-4ABA-847E-16D2FE86B128}.Release|Any CPU.ActiveCfg = Release|Any CPU
		{6BC9F644-9DD8-4ABA-847E-16D2FE86B128}.Release|Any CPU.Build.0 = Release|Any CPU
		{833FF338-B692-456F-96B9-F065B534C445}.Debug|Any CPU.ActiveCfg = Debug|Any CPU
		{833FF338-B692-456F-96B9-F065B534C445}.Debug|Any CPU.Build.0 = Debug|Any CPU
		{833FF338-B692-456F-96B9-F065B534C445}.Release|Any CPU.ActiveCfg = Release|Any CPU
		{833FF338-B692-456F-96B9-F065B534C445}.Release|Any CPU.Build.0 = Release|Any CPU
	EndGlobalSection
	GlobalSection(SolutionProperties) = preSolution
		HideSolutionNode = FALSE
	EndGlobalSection
	GlobalSection(NestedProjects) = preSolution
		{9FA93145-70EA-41CE-9564-D41D24F0100C} = {3F7619C5-7882-4789-AB6D-261FFB976E4B}
		{D9C37BDF-50AE-4673-BBDA-3720C0164325} = {3F7619C5-7882-4789-AB6D-261FFB976E4B}
		{6BC9F644-9DD8-4ABA-847E-16D2FE86B128} = {832AEEB3-7483-4799-A795-FD511E460C63}
		{833FF338-B692-456F-96B9-F065B534C445} = {832AEEB3-7483-4799-A795-FD511E460C63}
	EndGlobalSection
	GlobalSection(ExtensibilityGlobals) = postSolution
		SolutionGuid = {90F60337-53E8-49B9-9142-2A1BC60EAF60}
	EndGlobalSection
EndGlobal
